// !$*UTF8*$!
{
	archiveVersion = 1;
	classes = {
	};
	objectVersion = 56;
	objects = {

/* Begin PBXBuildFile section */
		D9344CC4292A169B00D01803 /* AppDelegate.swift in Sources */ = {isa = PBXBuildFile; fileRef = D9344CC3292A169B00D01803 /* AppDelegate.swift */; };
		D9344CC6292A169B00D01803 /* SceneDelegate.swift in Sources */ = {isa = PBXBuildFile; fileRef = D9344CC5292A169B00D01803 /* SceneDelegate.swift */; };
		D9344CC8292A169B00D01803 /* ViewController.swift in Sources */ = {isa = PBXBuildFile; fileRef = D9344CC7292A169B00D01803 /* ViewController.swift */; };
		D9344CCB292A169B00D01803 /* Main.storyboard in Resources */ = {isa = PBXBuildFile; fileRef = D9344CC9292A169B00D01803 /* Main.storyboard */; };
		D9344CCD292A169C00D01803 /* Assets.xcassets in Resources */ = {isa = PBXBuildFile; fileRef = D9344CCC292A169C00D01803 /* Assets.xcassets */; };
		D9344CD0292A169C00D01803 /* LaunchScreen.storyboard in Resources */ = {isa = PBXBuildFile; fileRef = D9344CCE292A169C00D01803 /* LaunchScreen.storyboard */; };
		D934DDE4292F1A6400C722BF /* Questions.swift in Sources */ = {isa = PBXBuildFile; fileRef = D934DDE3292F1A6400C722BF /* Questions.swift */; };
		D934DDE6292F3CD000C722BF /* CheckAnswer.swift in Sources */ = {isa = PBXBuildFile; fileRef = D934DDE5292F3CD000C722BF /* CheckAnswer.swift */; };
/* End PBXBuildFile section */

/* Begin PBXFileReference section */
		D9344CC0292A169B00D01803 /* xmasWordle.app */ = {isa = PBXFileReference; explicitFileType = wrapper.application; includeInIndex = 0; path = xmasWordle.app; sourceTree = BUILT_PRODUCTS_DIR; };
		D9344CC3292A169B00D01803 /* AppDelegate.swift */ = {isa = PBXFileReference; lastKnownFileType = sourcecode.swift; path = AppDelegate.swift; sourceTree = "<group>"; };
		D9344CC5292A169B00D01803 /* SceneDelegate.swift */ = {isa = PBXFileReference; lastKnownFileType = sourcecode.swift; path = SceneDelegate.swift; sourceTree = "<group>"; };
		D9344CC7292A169B00D01803 /* ViewController.swift */ = {isa = PBXFileReference; lastKnownFileType = sourcecode.swift; path = ViewController.swift; sourceTree = "<group>"; };
		D9344CCA292A169B00D01803 /* Base */ = {isa = PBXFileReference; lastKnownFileType = file.storyboard; name = Base; path = Base.lproj/Main.storyboard; sourceTree = "<group>"; };
		D9344CCC292A169C00D01803 /* Assets.xcassets */ = {isa = PBXFileReference; lastKnownFileType = folder.assetcatalog; path = Assets.xcassets; sourceTree = "<group>"; };
		D9344CCF292A169C00D01803 /* Base */ = {isa = PBXFileReference; lastKnownFileType = file.storyboard; name = Base; path = Base.lproj/LaunchScreen.storyboard; sourceTree = "<group>"; };
		D9344CD1292A169C00D01803 /* Info.plist */ = {isa = PBXFileReference; lastKnownFileType = text.plist.xml; path = Info.plist; sourceTree = "<group>"; };
		D934DDE3292F1A6400C722BF /* Questions.swift */ = {isa = PBXFileReference; lastKnownFileType = sourcecode.swift; path = Questions.swift; sourceTree = "<group>"; };
		D934DDE5292F3CD000C722BF /* CheckAnswer.swift */ = {isa = PBXFileReference; lastKnownFileType = sourcecode.swift; path = CheckAnswer.swift; sourceTree = "<group>"; };
/* End PBXFileReference section */

/* Begin PBXFrameworksBuildPhase section */
		D9344CBD292A169B00D01803 /* Frameworks */ = {
			isa = PBXFrameworksBuildPhase;
			buildActionMask = 2147483647;
			files = (
			);
			runOnlyForDeploymentPostprocessing = 0;
		};
/* End PBXFrameworksBuildPhase section */

/* Begin PBXGroup section */
		D9344CB7292A169B00D01803 = {
			isa = PBXGroup;
			children = (
				D9344CC2292A169B00D01803 /* xmasWordle */,
				D9344CC1292A169B00D01803 /* Products */,
			);
			sourceTree = "<group>";
		};
		D9344CC1292A169B00D01803 /* Products */ = {
			isa = PBXGroup;
			children = (
				D9344CC0292A169B00D01803 /* xmasWordle.app */,
			);
			name = Products;
			sourceTree = "<group>";
		};
		D9344CC2292A169B00D01803 /* xmasWordle */ = {
			isa = PBXGroup;
			children = (
				D9344CC3292A169B00D01803 /* AppDelegate.swift */,
				D9344CC5292A169B00D01803 /* SceneDelegate.swift */,
				D934DDE3292F1A6400C722BF /* Questions.swift */,
				D934DDE5292F3CD000C722BF /* CheckAnswer.swift */,
				D9344CC7292A169B00D01803 /* ViewController.swift */,
				D9344CC9292A169B00D01803 /* Main.storyboard */,
				D9344CCC292A169C00D01803 /* Assets.xcassets */,
				D9344CCE292A169C00D01803 /* LaunchScreen.storyboard */,
				D9344CD1292A169C00D01803 /* Info.plist */,
			);
			path = xmasWordle;
			sourceTree = "<group>";
		};
/* End PBXGroup section */

/* Begin PBXNativeTarget section */
		D9344CBF292A169B00D01803 /* xmasWordle */ = {
			isa = PBXNativeTarget;
			buildConfigurationList = D9344CD4292A169C00D01803 /* Build configuration list for PBXNativeTarget "xmasWordle" */;
			buildPhases = (
				D9344CBC292A169B00D01803 /* Sources */,
				D9344CBD292A169B00D01803 /* Frameworks */,
				D9344CBE292A169B00D01803 /* Resources */,
			);
			buildRules = (
			);
			dependencies = (
			);
			name = xmasWordle;
			productName = xmasWordle;
			productReference = D9344CC0292A169B00D01803 /* xmasWordle.app */;
			productType = "com.apple.product-type.application";
		};
/* End PBXNativeTarget section */

/* Begin PBXProject section */
		D9344CB8292A169B00D01803 /* Project object */ = {
			isa = PBXProject;
			attributes = {
				BuildIndependentTargetsInParallel = 1;
				LastSwiftUpdateCheck = 1400;
				LastUpgradeCheck = 1400;
				TargetAttributes = {
					D9344CBF292A169B00D01803 = {
						CreatedOnToolsVersion = 14.0.1;
					};
				};
			};
			buildConfigurationList = D9344CBB292A169B00D01803 /* Build configuration list for PBXProject "xmasWordle" */;
			compatibilityVersion = "Xcode 14.0";
			developmentRegion = en;
			hasScannedForEncodings = 0;
			knownRegions = (
				en,
				Base,
			);
			mainGroup = D9344CB7292A169B00D01803;
			productRefGroup = D9344CC1292A169B00D01803 /* Products */;
			projectDirPath = "";
			projectRoot = "";
			targets = (
				D9344CBF292A169B00D01803 /* xmasWordle */,
			);
		};
/* End PBXProject section */

/* Begin PBXResourcesBuildPhase section */
		D9344CBE292A169B00D01803 /* Resources */ = {
			isa = PBXResourcesBuildPhase;
			buildActionMask = 2147483647;
			files = (
				D9344CD0292A169C00D01803 /* LaunchScreen.storyboard in Resources */,
				D9344CCD292A169C00D01803 /* Assets.xcassets in Resources */,
				D9344CCB292A169B00D01803 /* Main.storyboard in Resources */,
			);
			runOnlyForDeploymentPostprocessing = 0;
		};
/* End PBXResourcesBuildPhase section */

/* Begin PBXSourcesBuildPhase section */
		D9344CBC292A169B00D01803 /* Sources */ = {
			isa = PBXSourcesBuildPhase;
			buildActionMask = 2147483647;
			files = (
				D9344CC8292A169B00D01803 /* ViewController.swift in Sources */,
				D934DDE4292F1A6400C722BF /* Questions.swift in Sources */,
				D9344CC4292A169B00D01803 /* AppDelegate.swift in Sources */,
				D9344CC6292A169B00D01803 /* SceneDelegate.swift in Sources */,
				D934DDE6292F3CD000C722BF /* CheckAnswer.swift in Sources */,
			);
			runOnlyForDeploymentPostprocessing = 0;
		};
/* End PBXSourcesBuildPhase section */

/* Begin PBXVariantGroup section */
		D9344CC9292A169B00D01803 /* Main.storyboard */ = {
			isa = PBXVariantGroup;
			children = (
				D9344CCA292A169B00D01803 /* Base */,
			);
			name = Main.storyboard;
			sourceTree = "<group>";
		};
		D9344CCE292A169C00D01803 /* LaunchScreen.storyboard */ = {
			isa = PBXVariantGroup;
			children = (
				D9344CCF292A169C00D01803 /* Base */,
			);
			name = LaunchScreen.storyboard;
			sourceTree = "<group>";
		};
/* End PBXVariantGroup section */

/* Begin XCBuildConfiguration section */
		D9344CD2292A169C00D01803 /* Debug */ = {
			isa = XCBuildConfiguration;
			buildSettings = {
				ALWAYS_SEARCH_USER_PATHS = NO;
				CLANG_ANALYZER_NONNULL = YES;
				CLANG_ANALYZER_NUMBER_OBJECT_CONVERSION = YES_AGGRESSIVE;
				CLANG_CXX_LANGUAGE_STANDARD = "gnu++20";
				CLANG_ENABLE_MODULES = YES;
				CLANG_ENABLE_OBJC_ARC = YES;
				CLANG_ENABLE_OBJC_WEAK = YES;
				CLANG_WARN_BLOCK_CAPTURE_AUTORELEASING = YES;
				CLANG_WARN_BOOL_CONVERSION = YES;
				CLANG_WARN_COMMA = YES;
				CLANG_WARN_CONSTANT_CONVERSION = YES;
				CLANG_WARN_DEPRECATED_OBJC_IMPLEMENTATIONS = YES;
				CLANG_WARN_DIRECT_OBJC_ISA_USAGE = YES_ERROR;
				CLANG_WARN_DOCUMENTATION_COMMENTS = YES;
				CLANG_WARN_EMPTY_BODY = YES;
				CLANG_WARN_ENUM_CONVERSION = YES;
				CLANG_WARN_INFINITE_RECURSION = YES;
				CLANG_WARN_INT_CONVERSION = YES;
				CLANG_WARN_NON_LITERAL_NULL_CONVERSION = YES;
				CLANG_WARN_OBJC_IMPLICIT_RETAIN_SELF = YES;
				CLANG_WARN_OBJC_LITERAL_CONVERSION = YES;
				CLANG_WARN_OBJC_ROOT_CLASS = YES_ERROR;
				CLANG_WARN_QUOTED_INCLUDE_IN_FRAMEWORK_HEADER = YES;
				CLANG_WARN_RANGE_LOOP_ANALYSIS = YES;
				CLANG_WARN_STRICT_PROTOTYPES = YES;
				CLANG_WARN_SUSPICIOUS_MOVE = YES;
				CLANG_WARN_UNGUARDED_AVAILABILITY = YES_AGGRESSIVE;
				CLANG_WARN_UNREACHABLE_CODE = YES;
				CLANG_WARN__DUPLICATE_METHOD_MATCH = YES;
				COPY_PHASE_STRIP = NO;
				DEBUG_INFORMATION_FORMAT = dwarf;
				ENABLE_STRICT_OBJC_MSGSEND = YES;
				ENABLE_TESTABILITY = YES;
				GCC_C_LANGUAGE_STANDARD = gnu11;
				GCC_DYNAMIC_NO_PIC = NO;
				GCC_NO_COMMON_BLOCKS = YES;
				GCC_OPTIMIZATION_LEVEL = 0;
				GCC_PREPROCESSOR_DEFINITIONS = (
					"DEBUG=1",
					"$(inherited)",
				);
				GCC_WARN_64_TO_32_BIT_CONVERSION = YES;
				GCC_WARN_ABOUT_RETURN_TYPE = YES_ERROR;
				GCC_WARN_UNDECLARED_SELECTOR = YES;
				GCC_WARN_UNINITIALIZED_AUTOS = YES_AGGRESSIVE;
				GCC_WARN_UNUSED_FUNCTION = YES;
				GCC_WARN_UNUSED_VARIABLE = YES;
				IPHONEOS_DEPLOYMENT_TARGET = 16.0;
				MTL_ENABLE_DEBUG_INFO = INCLUDE_SOURCE;
				MTL_FAST_MATH = YES;
				ONLY_ACTIVE_ARCH = YES;
				SDKROOT = iphoneos;
				SWIFT_ACTIVE_COMPILATION_CONDITIONS = DEBUG;
				SWIFT_OPTIMIZATION_LEVEL = "-Onone";
			};
			name = Debug;
		};
		D9344CD3292A169C00D01803 /* Release */ = {
			isa = XCBuildConfiguration;
			buildSettings = {
				ALWAYS_SEARCH_USER_PATHS = NO;
				CLANG_ANALYZER_NONNULL = YES;
				CLANG_ANALYZER_NUMBER_OBJECT_CONVERSION = YES_AGGRESSIVE;
				CLANG_CXX_LANGUAGE_STANDARD = "gnu++20";
				CLANG_ENABLE_MODULES = YES;
				CLANG_ENABLE_OBJC_ARC = YES;
				CLANG_ENABLE_OBJC_WEAK = YES;
				CLANG_WARN_BLOCK_CAPTURE_AUTORELEASING = YES;
				CLANG_WARN_BOOL_CONVERSION = YES;
				CLANG_WARN_COMMA = YES;
				CLANG_WARN_CONSTANT_CONVERSION = YES;
				CLANG_WARN_DEPRECATED_OBJC_IMPLEMENTATIONS = YES;
				CLANG_WARN_DIRECT_OBJC_ISA_USAGE = YES_ERROR;
				CLANG_WARN_DOCUMENTATION_COMMENTS = YES;
				CLANG_WARN_EMPTY_BODY = YES;
				CLANG_WARN_ENUM_CONVERSION = YES;
				CLANG_WARN_INFINITE_RECURSION = YES;
				CLANG_WARN_INT_CONVERSION = YES;
				CLANG_WARN_NON_LITERAL_NULL_CONVERSION = YES;
				CLANG_WARN_OBJC_IMPLICIT_RETAIN_SELF = YES;
				CLANG_WARN_OBJC_LITERAL_CONVERSION = YES;
				CLANG_WARN_OBJC_ROOT_CLASS = YES_ERROR;
				CLANG_WARN_QUOTED_INCLUDE_IN_FRAMEWORK_HEADER = YES;
				CLANG_WARN_RANGE_LOOP_ANALYSIS = YES;
				CLANG_WARN_STRICT_PROTOTYPES = YES;
				CLANG_WARN_SUSPICIOUS_MOVE = YES;
				CLANG_WARN_UNGUARDED_AVAILABILITY = YES_AGGRESSIVE;
				CLANG_WARN_UNREACHABLE_CODE = YES;
				CLANG_WARN__DUPLICATE_METHOD_MATCH = YES;
				COPY_PHASE_STRIP = NO;
				DEBUG_INFORMATION_FORMAT = "dwarf-with-dsym";
				ENABLE_NS_ASSERTIONS = NO;
				ENABLE_STRICT_OBJC_MSGSEND = YES;
				GCC_C_LANGUAGE_STANDARD = gnu11;
				GCC_NO_COMMON_BLOCKS = YES;
				GCC_WARN_64_TO_32_BIT_CONVERSION = YES;
				GCC_WARN_ABOUT_RETURN_TYPE = YES_ERROR;
				GCC_WARN_UNDECLARED_SELECTOR = YES;
				GCC_WARN_UNINITIALIZED_AUTOS = YES_AGGRESSIVE;
				GCC_WARN_UNUSED_FUNCTION = YES;
				GCC_WARN_UNUSED_VARIABLE = YES;
				IPHONEOS_DEPLOYMENT_TARGET = 16.0;
				MTL_ENABLE_DEBUG_INFO = NO;
				MTL_FAST_MATH = YES;
				SDKROOT = iphoneos;
				SWIFT_COMPILATION_MODE = wholemodule;
				SWIFT_OPTIMIZATION_LEVEL = "-O";
				VALIDATE_PRODUCT = YES;
			};
			name = Release;
		};
		D9344CD5292A169C00D01803 /* Debug */ = {
			isa = XCBuildConfiguration;
			buildSettings = {
				ASSETCATALOG_COMPILER_APPICON_NAME = AppIcon;
				ASSETCATALOG_COMPILER_GLOBAL_ACCENT_COLOR_NAME = AccentColor;
				CODE_SIGN_STYLE = Automatic;
				CURRENT_PROJECT_VERSION = 1;
				DEVELOPMENT_TEAM = J79C4AJ58Q;
				GENERATE_INFOPLIST_FILE = YES;
				INFOPLIST_FILE = xmasWordle/Info.plist;
				INFOPLIST_KEY_UIApplicationSupportsIndirectInputEvents = YES;
				INFOPLIST_KEY_UILaunchStoryboardName = LaunchScreen;
				INFOPLIST_KEY_UIMainStoryboardFile = Main;
				INFOPLIST_KEY_UISupportedInterfaceOrientations_iPad = "UIInterfaceOrientationPortrait UIInterfaceOrientationPortraitUpsideDown UIInterfaceOrientationLandscapeLeft UIInterfaceOrientationLandscapeRight";
				INFOPLIST_KEY_UISupportedInterfaceOrientations_iPhone = "UIInterfaceOrientationPortrait UIInterfaceOrientationLandscapeLeft UIInterfaceOrientationLandscapeRight";
				IPHONEOS_DEPLOYMENT_TARGET = 15.6;
				LD_RUNPATH_SEARCH_PATHS = (
					"$(inherited)",
					"@executable_path/Frameworks",
				);
				MARKETING_VERSION = 1.0;
				PRODUCT_BUNDLE_IDENTIFIER = com.shelley.xmasWordle;
				PRODUCT_NAME = "$(TARGET_NAME)";
				SWIFT_EMIT_LOC_STRINGS = YES;
				SWIFT_VERSION = 5.0;
				TARGETED_DEVICE_FAMILY = "1,2";
			};
			name = Debug;
		};
		D9344CD6292A169C00D01803 /* Release */ = {
			isa = XCBuildConfiguration;
			buildSettings = {
				ASSETCATALOG_COMPILER_APPICON_NAME = AppIcon;
				ASSETCATALOG_COMPILER_GLOBAL_ACCENT_COLOR_NAME = AccentColor;
				CODE_SIGN_STYLE = Automatic;
				CURRENT_PROJECT_VERSION = 1;
				DEVELOPMENT_TEAM = J79C4AJ58Q;
				GENERATE_INFOPLIST_FILE = YES;
				INFOPLIST_FILE = xmasWordle/Info.plist;
				INFOPLIST_KEY_UIApplicationSupportsIndirectInputEvents = YES;
				INFOPLIST_KEY_UILaunchStoryboardName = LaunchScreen;
				INFOPLIST_KEY_UIMainStoryboardFile = Main;
				INFOPLIST_KEY_UISupportedInterfaceOrientations_iPad = "UIInterfaceOrientationPortrait UIInterfaceOrientationPortraitUpsideDown UIInterfaceOrientationLandscapeLeft UIInterfaceOrientationLandscapeRight";
				INFOPLIST_KEY_UISupportedInterfaceOrientations_iPhone = "UIInterfaceOrientationPortrait UIInterfaceOrientationLandscapeLeft UIInterfaceOrientationLandscapeRight";
				IPHONEOS_DEPLOYMENT_TARGET = 15.6;
				LD_RUNPATH_SEARCH_PATHS = (
					"$(inherited)",
					"@executable_path/Frameworks",
				);
				MARKETING_VERSION = 1.0;
				PRODUCT_BUNDLE_IDENTIFIER = com.shelley.xmasWordle;
				PRODUCT_NAME = "$(TARGET_NAME)";
				SWIFT_EMIT_LOC_STRINGS = YES;
				SWIFT_VERSION = 5.0;
				TARGETED_DEVICE_FAMILY = "1,2";
			};
			name = Release;
		};
/* End XCBuildConfiguration section */

/* Begin XCConfigurationList section */
		D9344CBB292A169B00D01803 /* Build configuration list for PBXProject "xmasWordle" */ = {
			isa = XCConfigurationList;
			buildConfigurations = (
				D9344CD2292A169C00D01803 /* Debug */,
				D9344CD3292A169C00D01803 /* Release */,
			);
			defaultConfigurationIsVisible = 0;
			defaultConfigurationName = Release;
		};
		D9344CD4292A169C00D01803 /* Build configuration list for PBXNativeTarget "xmasWordle" */ = {
			isa = XCConfigurationList;
			buildConfigurations = (
				D9344CD5292A169C00D01803 /* Debug */,
				D9344CD6292A169C00D01803 /* Release */,
			);
			defaultConfigurationIsVisible = 0;
			defaultConfigurationName = Release;
		};
/* End XCConfigurationList section */
	};
	rootObject = D9344CB8292A169B00D01803 /* Project object */;
}
